<?xml version="1.0" encoding="utf-8"?>
<Project ToolsVersion="4.0" xmlns="http://schemas.microsoft.com/developer/msbuild/2003">
  <ItemGroup>
    <Filter Include="Source Files">
      <UniqueIdentifier>{4FC737F1-C7A5-4376-A066-2A32D752A2FF}</UniqueIdentifier>
      <Extensions>cpp;c;cc;cxx;c++;cppm;ixx;def;odl;idl;hpj;bat;asm;asmx</Extensions>
    </Filter>
    <Filter Include="Header Files">
      <UniqueIdentifier>{93995380-89BD-4b04-88EB-625FBE52EBFB}</UniqueIdentifier>
      <Extensions>h;hh;hpp;hxx;h++;hm;inl;inc;ipp;xsd</Extensions>
    </Filter>
    <Filter Include="Resource Files">
      <UniqueIdentifier>{67DA6AB6-F800-4c08-8B7A-83BB121AAD01}</UniqueIdentifier>
      <Extensions>rc;ico;cur;bmp;dlg;rc2;rct;bin;rgs;gif;jpg;jpeg;jpe;resx;tiff;tif;png;wav;mfcribbon-ms</Extensions>
    </Filter>
  </ItemGroup>
  <ItemGroup>
    <ClCompile Include="src\game.c">
      <Filter>Source Files</Filter>
    </ClCompile>
    <ClCompile Include="src\object.c">
      <Filter>Source Files</Filter>
    </ClCompile>
    <ClCompile Include="src\random.c">
      <Filter>Source Files</Filter>
    </ClCompile>
    <ClCompile Include="src\shape.c">
      <Filter>Source Files</Filter>
    </ClCompile>
    <ClCompile Include="src\objmgr.c">
      <Filter>Source Files</Filter>
    </ClCompile>
    <ClCompile Include="src\levelmgr.c">
      <Filter>Source Files</Filter>
    </ClCompile>
    <ClCompile Include="src\entity.c">
      <Filter>Source Files</Filter>
    </ClCompile>
    <ClCompile Include="src\sprite.c">
      <Filter>Source Files</Filter>
    </ClCompile>
    <ClCompile Include="src\player.c">
      <Filter>Source Files</Filter>
    </ClCompile>
    <ClCompile Include="src\enemy.c">
      <Filter>Source Files</Filter>
    </ClCompile>
    <ClCompile Include="src\collisionMgr.c">
      <Filter>Source Files</Filter>
    </ClCompile>
    <ClCompile Include="src\background.c">
      <Filter>Source Files</Filter>
    </ClCompile>
    <ClCompile Include="src\collision.c">
      <Filter>Source Files</Filter>
    </ClCompile>
    <ClCompile Include="src\collisionBox.c">
      <Filter>Source Files</Filter>
    </ClCompile>
    <ClCompile Include="src\joustGlobalConstants.c">
      <Filter>Source Files</Filter>
    </ClCompile>
    <ClCompile Include="src\numberDisplay.c">
      <Filter>Source Files</Filter>
    </ClCompile>
    <ClCompile Include="src\animation.c">
      <Filter>Source Files</Filter>
    </ClCompile>
    <ClCompile Include="src\livesDisplay.c">
      <Filter>Source Files</Filter>
    </ClCompile>
    <ClCompile Include="src\soundOneShot.c">
      <Filter>Source Files</Filter>
    </ClCompile>
    <ClCompile Include="src\tools.c">
      <Filter>Source Files</Filter>
    </ClCompile>
  </ItemGroup>
  <ItemGroup>
    <ClInclude Include="include\object.h">
      <Filter>Header Files</Filter>
    </ClInclude>
    <ClInclude Include="include\random.h">
      <Filter>Header Files</Filter>
    </ClInclude>
    <ClInclude Include="include\shape.h">
      <Filter>Header Files</Filter>
    </ClInclude>
    <ClInclude Include="include\objmgr.h">
      <Filter>Header Files</Filter>
    </ClInclude>
    <ClInclude Include="include\levelmgr.h">
      <Filter>Header Files</Filter>
    </ClInclude>
    <ClInclude Include="include\entity.h">
      <Filter>Header Files</Filter>
    </ClInclude>
    <ClInclude Include="include\sprite.h">
      <Filter>Header Files</Filter>
    </ClInclude>
    <ClInclude Include="include\player.h">
      <Filter>Header Files</Filter>
    </ClInclude>
    <ClInclude Include="include\enemy.h">
      <Filter>Header Files</Filter>
    </ClInclude>
    <ClInclude Include="include\collisionMgr.h">
      <Filter>Header Files</Filter>
    </ClInclude>
    <ClInclude Include="include\collision.h">
      <Filter>Header Files</Filter>
    </ClInclude>
    <ClInclude Include="include\background.h">
      <Filter>Header Files</Filter>
    </ClInclude>
    <ClInclude Include="include\collisionBox.h">
      <Filter>Header Files</Filter>
    </ClInclude>
    <ClInclude Include="include\joustGlobalConstants.h">
      <Filter>Header Files</Filter>
    </ClInclude>
    <ClInclude Include="include\numberDisplay.h">
      <Filter>Header Files</Filter>
    </ClInclude>
    <ClInclude Include="include\animation.h">
      <Filter>Header Files</Filter>
    </ClInclude>
    <ClInclude Include="include\livesDisplay.h">
      <Filter>Header Files</Filter>
    </ClInclude>
    <ClInclude Include="include\soundOneShot.h">
      <Filter>Header Files</Filter>
    </ClInclude>
    <ClInclude Include="include\tools.h">
      <Filter>Header Files</Filter>
    </ClInclude>
  </ItemGroup>
  <ItemGroup>
    <Xml Include="asset\connectionmap.xml" />
    <Xml Include="asset\connections.xml" />
    <Xml Include="asset\settings.xml" />
  </ItemGroup>
  <ItemGroup>
    <Image Include="asset\Joust_Title_Screen.png">
      <Filter>Resource Files</Filter>
    </Image>
    <Image Include="asset\Joust_Full_Sprite_Sheet_Bridge.png">
      <Filter>Resource Files</Filter>
    </Image>
  </ItemGroup>
  <ItemGroup>
    <Media Include="asset\sounds\jDeath.wav">
      <Filter>Resource Files</Filter>
    </Media>
    <Media Include="asset\sounds\jExtraLife.wav">
      <Filter>Resource Files</Filter>
    </Media>
    <Media Include="asset\sounds\jFlap.wav">
      <Filter>Resource Files</Filter>
    </Media>
    <Media Include="asset\sounds\jPlatformBounce.wav">
      <Filter>Resource Files</Filter>
    </Media>
    <Media Include="asset\sounds\jRun.wav">
      <Filter>Resource Files</Filter>
    </Media>
    <Media Include="asset\sounds\jSpawn1.wav">
      <Filter>Resource Files</Filter>
    </Media>
    <Media Include="asset\sounds\jSpawn2.wav">
      <Filter>Resource Files</Filter>
    </Media>
    <Media Include="asset\sounds\jStart.wav">
      <Filter>Resource Files</Filter>
    </Media>
    <Media Include="asset\sounds\jTie.wav">
      <Filter>Resource Files</Filter>
    </Media>
    <Media Include="asset\sounds\jWaveStart.wav">
      <Filter>Resource Files</Filter>
    </Media>
  </ItemGroup>
</Project>